
Microsoft Visual Studio Solution File, Format Version 12.00
# Visual Studio 15
VisualStudioVersion = 15.0.27703.2042
MinimumVisualStudioVersion = 10.0.40219.1
Project("{FAE04EC0-301F-11D3-BF4B-00C04F79EFBC}") = "SDAU.GCT.OA.UnitText", "SDAU.GCT.OA.UnitText\SDAU.GCT.OA.UnitText.csproj", "{12C7BBF2-CF34-43CC-B8AE-038646B86501}"
EndProject
Project("{FAE04EC0-301F-11D3-BF4B-00C04F79EFBC}") = "SDAU.GCT.OA.UI.Portal", "SDAU.GCT.OA.UI.Portal\SDAU.GCT.OA.UI.Portal.csproj", "{E39BCD55-A901-484F-B1B5-E815FB6D6994}"
EndProject
Project("{FAE04EC0-301F-11D3-BF4B-00C04F79EFBC}") = "SpringNetDemo1", "SpringNetDemo1\SpringNetDemo1.csproj", "{3E091FE0-C689-433C-94F9-C4514CBE853D}"
EndProject
Project("{2150E333-8FDC-42A3-9474-1A3956D46DE8}") = "UI", "UI", "{35D9FA16-68DC-40EF-8FEF-77DC6DDE55E4}"
EndProject
Project("{2150E333-8FDC-42A3-9474-1A3956D46DE8}") = "UnitText", "UnitText", "{CF31BF26-BF53-4407-BA95-0DC2AACE3410}"
EndProject
Project("{2150E333-8FDC-42A3-9474-1A3956D46DE8}") = "Demos", "Demos", "{AC760317-F119-4698-B7AC-B85132B136F0}"
EndProject
Project("{FAE04EC0-301F-11D3-BF4B-00C04F79EFBC}") = "T4Demo", "T4Demo\T4Demo.csproj", "{4C705119-C0B0-4C67-81D4-4CF316509D74}"
EndProject
Project("{FAE04EC0-301F-11D3-BF4B-00C04F79EFBC}") = "Log4Net", "Log4Net\Log4Net.csproj", "{1D634189-9108-446D-9DA2-5D25F8D5D8B8}"
EndProject
Project("{FAE04EC0-301F-11D3-BF4B-00C04F79EFBC}") = "MemcacheDemo", "MemcacheDemo\MemcacheDemo.csproj", "{DAD729F2-D180-4FC2-AE7C-DA39B41C4B1C}"
EndProject
Project("{FAE04EC0-301F-11D3-BF4B-00C04F79EFBC}") = "RedisDemo", "RedisDemo\RedisDemo.csproj", "{F6E2E3C1-1031-4A29-8E17-41AB5D676894}"
EndProject
Project("{FAE04EC0-301F-11D3-BF4B-00C04F79EFBC}") = "SDAU.GCT.OA.Dal", "SDAU.GCT.OA.Dal\SDAU.GCT.OA.Dal.csproj", "{D4726BD1-8A22-4607-8CDE-165B659B3348}"
EndProject
Project("{FAE04EC0-301F-11D3-BF4B-00C04F79EFBC}") = "SDAU.GCT.OA.BLL", "SDAU.GCT.OA.BLL\SDAU.GCT.OA.BLL.csproj", "{C67FBDE6-7FB2-4FBD-9EC0-7C0947331242}"
EndProject
Project("{FAE04EC0-301F-11D3-BF4B-00C04F79EFBC}") = "SDAU.GCT.OA.Common", "SDAU.GCT.OA.Dal.Common\SDAU.GCT.OA.Common.csproj", "{85C48137-8749-45C8-8EBA-6120C4234E57}"
EndProject
Project("{FAE04EC0-301F-11D3-BF4B-00C04F79EFBC}") = "SDAU.GCT.OA.DALFactory", "SDAU.GCT.OA.DALFactory\SDAU.GCT.OA.DALFactory.csproj", "{3021EFD6-CE9D-4EF8-BF37-34816D04ED24}"
EndProject
Project("{FAE04EC0-301F-11D3-BF4B-00C04F79EFBC}") = "SDAU.GCT.OA.IBLL", "SDAU.GCT.OA.IBLL\SDAU.GCT.OA.IBLL.csproj", "{2DDF89F0-1FB1-4A3D-9861-C67A276C178C}"
EndProject
Project("{FAE04EC0-301F-11D3-BF4B-00C04F79EFBC}") = "SDAU.GCT.OA.IDal", "SDAU.GCT.OA.IDal\SDAU.GCT.OA.IDal.csproj", "{1D38695C-9066-4927-8851-67BDEB04457E}"
EndProject
Project("{FAE04EC0-301F-11D3-BF4B-00C04F79EFBC}") = "SDAU.GCT.OA.Model", "SDAU.GCT.OA.Model\SDAU.GCT.OA.Model.csproj", "{F8D84962-450E-4EA2-95E0-AEC58DA0484D}"
EndProject
Project("{2150E333-8FDC-42A3-9474-1A3956D46DE8}") = "Common", "Common", "{A0937F8A-0195-4281-9C80-028C94D0769E}"
EndProject
Project("{2150E333-8FDC-42A3-9474-1A3956D46DE8}") = "Dal", "Dal", "{47E1ED14-7D2B-4DCA-893A-ECCADABFA819}"
EndProject
Project("{2150E333-8FDC-42A3-9474-1A3956D46DE8}") = "BLL", "BLL", "{1EB01BA4-5D29-43F3-B14C-2E69F9C75FA4}"
EndProject
Project("{2150E333-8FDC-42A3-9474-1A3956D46DE8}") = "Model", "Model", "{266A27B0-BB2C-45EA-B701-852CC1929832}"
EndProject
Global
	GlobalSection(SolutionConfigurationPlatforms) = preSolution
		Debug|Any CPU = Debug|Any CPU
		Debug|x86 = Debug|x86
		Release|Any CPU = Release|Any CPU
		Release|x86 = Release|x86
	EndGlobalSection
	GlobalSection(ProjectConfigurationPlatforms) = postSolution
		{12C7BBF2-CF34-43CC-B8AE-038646B86501}.Debug|Any CPU.ActiveCfg = Debug|Any CPU
		{12C7BBF2-CF34-43CC-B8AE-038646B86501}.Debug|Any CPU.Build.0 = Debug|Any CPU
		{12C7BBF2-CF34-43CC-B8AE-038646B86501}.Debug|x86.ActiveCfg = Debug|Any CPU
		{12C7BBF2-CF34-43CC-B8AE-038646B86501}.Debug|x86.Build.0 = Debug|Any CPU
		{12C7BBF2-CF34-43CC-B8AE-038646B86501}.Release|Any CPU.ActiveCfg = Release|Any CPU
		{12C7BBF2-CF34-43CC-B8AE-038646B86501}.Release|Any CPU.Build.0 = Release|Any CPU
		{12C7BBF2-CF34-43CC-B8AE-038646B86501}.Release|x86.ActiveCfg = Release|Any CPU
		{12C7BBF2-CF34-43CC-B8AE-038646B86501}.Release|x86.Build.0 = Release|Any CPU
		{E39BCD55-A901-484F-B1B5-E815FB6D6994}.Debug|Any CPU.ActiveCfg = Debug|Any CPU
		{E39BCD55-A901-484F-B1B5-E815FB6D6994}.Debug|Any CPU.Build.0 = Debug|Any CPU
		{E39BCD55-A901-484F-B1B5-E815FB6D6994}.Debug|x86.ActiveCfg = Debug|Any CPU
		{E39BCD55-A901-484F-B1B5-E815FB6D6994}.Debug|x86.Build.0 = Debug|Any CPU
		{E39BCD55-A901-484F-B1B5-E815FB6D6994}.Release|Any CPU.ActiveCfg = Release|Any CPU
		{E39BCD55-A901-484F-B1B5-E815FB6D6994}.Release|Any CPU.Build.0 = Release|Any CPU
		{E39BCD55-A901-484F-B1B5-E815FB6D6994}.Release|x86.ActiveCfg = Release|Any CPU
		{E39BCD55-A901-484F-B1B5-E815FB6D6994}.Release|x86.Build.0 = Release|Any CPU
		{3E091FE0-C689-433C-94F9-C4514CBE853D}.Debug|Any CPU.ActiveCfg = Debug|Any CPU
		{3E091FE0-C689-433C-94F9-C4514CBE853D}.Debug|Any CPU.Build.0 = Debug|Any CPU
		{3E091FE0-C689-433C-94F9-C4514CBE853D}.Debug|x86.ActiveCfg = Debug|Any CPU
		{3E091FE0-C689-433C-94F9-C4514CBE853D}.Debug|x86.Build.0 = Debug|Any CPU
		{3E091FE0-C689-433C-94F9-C4514CBE853D}.Release|Any CPU.ActiveCfg = Release|Any CPU
		{3E091FE0-C689-433C-94F9-C4514CBE853D}.Release|Any CPU.Build.0 = Release|Any CPU
		{3E091FE0-C689-433C-94F9-C4514CBE853D}.Release|x86.ActiveCfg = Release|Any CPU
		{3E091FE0-C689-433C-94F9-C4514CBE853D}.Release|x86.Build.0 = Release|Any CPU
		{4C705119-C0B0-4C67-81D4-4CF316509D74}.Debug|Any CPU.ActiveCfg = Debug|Any CPU
		{4C705119-C0B0-4C67-81D4-4CF316509D74}.Debug|Any CPU.Build.0 = Debug|Any CPU
		{4C705119-C0B0-4C67-81D4-4CF316509D74}.Debug|x86.ActiveCfg = Debug|Any CPU
		{4C705119-C0B0-4C67-81D4-4CF316509D74}.Debug|x86.Build.0 = Debug|Any CPU
		{4C705119-C0B0-4C67-81D4-4CF316509D74}.Release|Any CPU.ActiveCfg = Release|Any CPU
		{4C705119-C0B0-4C67-81D4-4CF316509D74}.Release|Any CPU.Build.0 = Release|Any CPU
		{4C705119-C0B0-4C67-81D4-4CF316509D74}.Release|x86.ActiveCfg = Release|Any CPU
		{4C705119-C0B0-4C67-81D4-4CF316509D74}.Release|x86.Build.0 = Release|Any CPU
		{1D634189-9108-446D-9DA2-5D25F8D5D8B8}.Debug|Any CPU.ActiveCfg = Debug|Any CPU
		{1D634189-9108-446D-9DA2-5D25F8D5D8B8}.Debug|Any CPU.Build.0 = Debug|Any CPU
		{1D634189-9108-446D-9DA2-5D25F8D5D8B8}.Debug|x86.ActiveCfg = Debug|Any CPU
		{1D634189-9108-446D-9DA2-5D25F8D5D8B8}.Debug|x86.Build.0 = Debug|Any CPU
		{1D634189-9108-446D-9DA2-5D25F8D5D8B8}.Release|Any CPU.ActiveCfg = Release|Any CPU
		{1D634189-9108-446D-9DA2-5D25F8D5D8B8}.Release|Any CPU.Build.0 = Release|Any CPU
		{1D634189-9108-446D-9DA2-5D25F8D5D8B8}.Release|x86.ActiveCfg = Release|Any CPU
		{1D634189-9108-446D-9DA2-5D25F8D5D8B8}.Release|x86.Build.0 = Release|Any CPU
		{DAD729F2-D180-4FC2-AE7C-DA39B41C4B1C}.Debug|Any CPU.ActiveCfg = Debug|Any CPU
		{DAD729F2-D180-4FC2-AE7C-DA39B41C4B1C}.Debug|Any CPU.Build.0 = Debug|Any CPU
		{DAD729F2-D180-4FC2-AE7C-DA39B41C4B1C}.Debug|x86.ActiveCfg = Debug|Any CPU
		{DAD729F2-D180-4FC2-AE7C-DA39B41C4B1C}.Debug|x86.Build.0 = Debug|Any CPU
		{DAD729F2-D180-4FC2-AE7C-DA39B41C4B1C}.Release|Any CPU.ActiveCfg = Release|Any CPU
		{DAD729F2-D180-4FC2-AE7C-DA39B41C4B1C}.Release|Any CPU.Build.0 = Release|Any CPU
		{DAD729F2-D180-4FC2-AE7C-DA39B41C4B1C}.Release|x86.ActiveCfg = Release|Any CPU
		{DAD729F2-D180-4FC2-AE7C-DA39B41C4B1C}.Release|x86.Build.0 = Release|Any CPU
		{F6E2E3C1-1031-4A29-8E17-41AB5D676894}.Debug|Any CPU.ActiveCfg = Debug|Any CPU
		{F6E2E3C1-1031-4A29-8E17-41AB5D676894}.Debug|Any CPU.Build.0 = Debug|Any CPU
		{F6E2E3C1-1031-4A29-8E17-41AB5D676894}.Debug|x86.ActiveCfg = Debug|Any CPU
		{F6E2E3C1-1031-4A29-8E17-41AB5D676894}.Debug|x86.Build.0 = Debug|Any CPU
		{F6E2E3C1-1031-4A29-8E17-41AB5D676894}.Release|Any CPU.ActiveCfg = Release|Any CPU
		{F6E2E3C1-1031-4A29-8E17-41AB5D676894}.Release|Any CPU.Build.0 = Release|Any CPU
		{F6E2E3C1-1031-4A29-8E17-41AB5D676894}.Release|x86.ActiveCfg = Release|Any CPU
		{F6E2E3C1-1031-4A29-8E17-41AB5D676894}.Release|x86.Build.0 = Release|Any CPU
		{D4726BD1-8A22-4607-8CDE-165B659B3348}.Debug|Any CPU.ActiveCfg = Debug|Any CPU
		{D4726BD1-8A22-4607-8CDE-165B659B3348}.Debug|Any CPU.Build.0 = Debug|Any CPU
		{D4726BD1-8A22-4607-8CDE-165B659B3348}.Debug|x86.ActiveCfg = Debug|Any CPU
		{D4726BD1-8A22-4607-8CDE-165B659B3348}.Debug|x86.Build.0 = Debug|Any CPU
		{D4726BD1-8A22-4607-8CDE-165B659B3348}.Release|Any CPU.ActiveCfg = Release|Any CPU
		{D4726BD1-8A22-4607-8CDE-165B659B3348}.Release|Any CPU.Build.0 = Release|Any CPU
		{D4726BD1-8A22-4607-8CDE-165B659B3348}.Release|x86.ActiveCfg = Release|Any CPU
		{D4726BD1-8A22-4607-8CDE-165B659B3348}.Release|x86.Build.0 = Release|Any CPU
		{C67FBDE6-7FB2-4FBD-9EC0-7C0947331242}.Debug|Any CPU.ActiveCfg = Debug|Any CPU
		{C67FBDE6-7FB2-4FBD-9EC0-7C0947331242}.Debug|Any CPU.Build.0 = Debug|Any CPU
		{C67FBDE6-7FB2-4FBD-9EC0-7C0947331242}.Debug|x86.ActiveCfg = Debug|Any CPU
		{C67FBDE6-7FB2-4FBD-9EC0-7C0947331242}.Debug|x86.Build.0 = Debug|Any CPU
		{C67FBDE6-7FB2-4FBD-9EC0-7C0947331242}.Release|Any CPU.ActiveCfg = Release|Any CPU
		{C67FBDE6-7FB2-4FBD-9EC0-7C0947331242}.Release|Any CPU.Build.0 = Release|Any CPU
		{C67FBDE6-7FB2-4FBD-9EC0-7C0947331242}.Release|x86.ActiveCfg = Release|Any CPU
		{C67FBDE6-7FB2-4FBD-9EC0-7C0947331242}.Release|x86.Build.0 = Release|Any CPU
		{85C48137-8749-45C8-8EBA-6120C4234E57}.Debug|Any CPU.ActiveCfg = Debug|Any CPU
		{85C48137-8749-45C8-8EBA-6120C4234E57}.Debug|Any CPU.Build.0 = Debug|Any CPU
		{85C48137-8749-45C8-8EBA-6120C4234E57}.Debug|x86.ActiveCfg = Debug|Any CPU
		{85C48137-8749-45C8-8EBA-6120C4234E57}.Debug|x86.Build.0 = Debug|Any CPU
		{85C48137-8749-45C8-8EBA-6120C4234E57}.Release|Any CPU.ActiveCfg = Release|Any CPU
		{85C48137-8749-45C8-8EBA-6120C4234E57}.Release|Any CPU.Build.0 = Release|Any CPU
		{85C48137-8749-45C8-8EBA-6120C4234E57}.Release|x86.ActiveCfg = Release|Any CPU
		{85C48137-8749-45C8-8EBA-6120C4234E57}.Release|x86.Build.0 = Release|Any CPU
		{3021EFD6-CE9D-4EF8-BF37-34816D04ED24}.Debug|Any CPU.ActiveCfg = Debug|Any CPU
		{3021EFD6-CE9D-4EF8-BF37-34816D04ED24}.Debug|Any CPU.Build.0 = Debug|Any CPU
		{3021EFD6-CE9D-4EF8-BF37-34816D04ED24}.Debug|x86.ActiveCfg = Debug|Any CPU
		{3021EFD6-CE9D-4EF8-BF37-34816D04ED24}.Debug|x86.Build.0 = Debug|Any CPU
		{3021EFD6-CE9D-4EF8-BF37-34816D04ED24}.Release|Any CPU.ActiveCfg = Release|Any CPU
		{3021EFD6-CE9D-4EF8-BF37-34816D04ED24}.Release|Any CPU.Build.0 = Release|Any CPU
		{3021EFD6-CE9D-4EF8-BF37-34816D04ED24}.Release|x86.ActiveCfg = Release|Any CPU
		{3021EFD6-CE9D-4EF8-BF37-34816D04ED24}.Release|x86.Build.0 = Release|Any CPU
		{2DDF89F0-1FB1-4A3D-9861-C67A276C178C}.Debug|Any CPU.ActiveCfg = Debug|Any CPU
		{2DDF89F0-1FB1-4A3D-9861-C67A276C178C}.Debug|Any CPU.Build.0 = Debug|Any CPU
		{2DDF89F0-1FB1-4A3D-9861-C67A276C178C}.Debug|x86.ActiveCfg = Debug|Any CPU
		{2DDF89F0-1FB1-4A3D-9861-C67A276C178C}.Debug|x86.Build.0 = Debug|Any CPU
		{2DDF89F0-1FB1-4A3D-9861-C67A276C178C}.Release|Any CPU.ActiveCfg = Release|Any CPU
		{2DDF89F0-1FB1-4A3D-9861-C67A276C178C}.Release|Any CPU.Build.0 = Release|Any CPU
		{2DDF89F0-1FB1-4A3D-9861-C67A276C178C}.Release|x86.ActiveCfg = Release|Any CPU
		{2DDF89F0-1FB1-4A3D-9861-C67A276C178C}.Release|x86.Build.0 = Release|Any CPU
		{1D38695C-9066-4927-8851-67BDEB04457E}.Debug|Any CPU.ActiveCfg = Debug|Any CPU
		{1D38695C-9066-4927-8851-67BDEB04457E}.Debug|Any CPU.Build.0 = Debug|Any CPU
		{1D38695C-9066-4927-8851-67BDEB04457E}.Debug|x86.ActiveCfg = Debug|Any CPU
		{1D38695C-9066-4927-8851-67BDEB04457E}.Debug|x86.Build.0 = Debug|Any CPU
		{1D38695C-9066-4927-8851-67BDEB04457E}.Release|Any CPU.ActiveCfg = Release|Any CPU
		{1D38695C-9066-4927-8851-67BDEB04457E}.Release|Any CPU.Build.0 = Release|Any CPU
		{1D38695C-9066-4927-8851-67BDEB04457E}.Release|x86.ActiveCfg = Release|Any CPU
		{1D38695C-9066-4927-8851-67BDEB04457E}.Release|x86.Build.0 = Release|Any CPU
		{F8D84962-450E-4EA2-95E0-AEC58DA0484D}.Debug|Any CPU.ActiveCfg = Debug|Any CPU
		{F8D84962-450E-4EA2-95E0-AEC58DA0484D}.Debug|Any CPU.Build.0 = Debug|Any CPU
		{F8D84962-450E-4EA2-95E0-AEC58DA0484D}.Debug|x86.ActiveCfg = Debug|Any CPU
		{F8D84962-450E-4EA2-95E0-AEC58DA0484D}.Debug|x86.Build.0 = Debug|Any CPU
		{F8D84962-450E-4EA2-95E0-AEC58DA0484D}.Release|Any CPU.ActiveCfg = Release|Any CPU
		{F8D84962-450E-4EA2-95E0-AEC58DA0484D}.Release|Any CPU.Build.0 = Release|Any CPU
		{F8D84962-450E-4EA2-95E0-AEC58DA0484D}.Release|x86.ActiveCfg = Release|Any CPU
		{F8D84962-450E-4EA2-95E0-AEC58DA0484D}.Release|x86.Build.0 = Release|Any CPU
	EndGlobalSection
	GlobalSection(SolutionProperties) = preSolution
		HideSolutionNode = FALSE
	EndGlobalSection
	GlobalSection(NestedProjects) = preSolution
		{12C7BBF2-CF34-43CC-B8AE-038646B86501} = {CF31BF26-BF53-4407-BA95-0DC2AACE3410}
		{E39BCD55-A901-484F-B1B5-E815FB6D6994} = {35D9FA16-68DC-40EF-8FEF-77DC6DDE55E4}
		{3E091FE0-C689-433C-94F9-C4514CBE853D} = {AC760317-F119-4698-B7AC-B85132B136F0}
		{4C705119-C0B0-4C67-81D4-4CF316509D74} = {AC760317-F119-4698-B7AC-B85132B136F0}
		{1D634189-9108-446D-9DA2-5D25F8D5D8B8} = {AC760317-F119-4698-B7AC-B85132B136F0}
		{DAD729F2-D180-4FC2-AE7C-DA39B41C4B1C} = {AC760317-F119-4698-B7AC-B85132B136F0}
		{F6E2E3C1-1031-4A29-8E17-41AB5D676894} = {AC760317-F119-4698-B7AC-B85132B136F0}
		{D4726BD1-8A22-4607-8CDE-165B659B3348} = {47E1ED14-7D2B-4DCA-893A-ECCADABFA819}
		{C67FBDE6-7FB2-4FBD-9EC0-7C0947331242} = {1EB01BA4-5D29-43F3-B14C-2E69F9C75FA4}
		{85C48137-8749-45C8-8EBA-6120C4234E57} = {A0937F8A-0195-4281-9C80-028C94D0769E}
		{3021EFD6-CE9D-4EF8-BF37-34816D04ED24} = {47E1ED14-7D2B-4DCA-893A-ECCADABFA819}
		{2DDF89F0-1FB1-4A3D-9861-C67A276C178C} = {1EB01BA4-5D29-43F3-B14C-2E69F9C75FA4}
		{1D38695C-9066-4927-8851-67BDEB04457E} = {47E1ED14-7D2B-4DCA-893A-ECCADABFA819}
		{F8D84962-450E-4EA2-95E0-AEC58DA0484D} = {266A27B0-BB2C-45EA-B701-852CC1929832}
	EndGlobalSection
	GlobalSection(ExtensibilityGlobals) = postSolution
		SolutionGuid = {3BA1A0AD-B44B-473D-B13D-33EEA89AE495}
	EndGlobalSection
EndGlobal
